
Microsoft Visual Studio Solution File, Format Version 12.00
# Visual Studio Version 17
VisualStudioVersion = 17.8.34309.116
MinimumVisualStudioVersion = 10.0.40219.1
Project("{FAE04EC0-301F-11D3-BF4B-00C04F79EFBC}") = "Reflection", "Reflection\Reflection.csproj", "{CD8CB842-3558-4147-9797-CA08F39FEC99}"
EndProject
Global
	GlobalSection(SolutionConfigurationPlatforms) = preSolution
		Debug|Any CPU = Debug|Any CPU
		Release|Any CPU = Release|Any CPU
	EndGlobalSection
	GlobalSection(ProjectConfigurationPlatforms) = postSolution
		{CD8CB842-3558-4147-9797-CA08F39FEC99}.Debug|Any CPU.ActiveCfg = Debug|Any CPU
		{CD8CB842-3558-4147-9797-CA08F39FEC99}.Debug|Any CPU.Build.0 = Debug|Any CPU
		{CD8CB842-3558-4147-9797-CA08F39FEC99}.Release|Any CPU.ActiveCfg = Release|Any CPU
		{CD8CB842-3558-4147-9797-CA08F39FEC99}.Release|Any CPU.Build.0 = Release|Any CPU
	EndGlobalSection
	GlobalSection(SolutionProperties) = preSolution
		HideSolutionNode = FALSE
	EndGlobalSection
	GlobalSection(ExtensibilityGlobals) = postSolution
		SolutionGuid = {D434C1E4-628F-4EB1-A8C8-67500BDDD20F}
	EndGlobalSection
EndGlobal
